# generated by rye
# use `rye lock` or `rye sync` to update this lockfile
#
# last locked with the following flags:
#   pre: false
#   features: []
#   all-features: false
#   with-sources: false
#   generate-hashes: false
#   universal: false

-e file:.
annotated-types==0.7.0
    # via pydantic
certifi==2025.1.31
    # via requests
cffi==1.17.1
    # via cryptography
    # via pynacl
charset-normalizer==3.4.1
    # via requests
click==8.1.8
    # via pyspr
cryptography==44.0.0
    # via pyjwt
deprecated==1.2.18
    # via pygithub
exceptiongroup==1.2.2
    # via pytest
gitdb==4.0.12
    # via gitpython
gitpython==3.1.44
    # via pyspr
idna==3.10
    # via requests
iniconfig==2.0.0
    # via pytest
packaging==24.2
    # via pytest
pluggy==1.5.0
    # via pytest
pycparser==2.22
    # via cffi
pydantic==2.10.6
    # via pyspr
pydantic-core==2.27.2
    # via pydantic
pygithub==2.5.0
    # via pyspr
pyjwt==2.9.0
    # via pygithub
pynacl==1.5.0
    # via pygithub
pytest==8.3.4
pyyaml==6.0.2
    # via pyspr
requests==2.32.3
    # via pygithub
smmap==5.0.2
    # via gitdb
tomli==2.2.1
    # via pytest
typing-extensions==4.12.2
    # via annotated-types
    # via pydantic
    # via pydantic-core
    # via pygithub
    # via pyspr
urllib3==2.2.3
    # via pygithub
    # via requests
wrapt==1.17.2
    # via deprecated
